
Microsoft Visual Studio Solution File, Format Version 12.00
# Visual Studio Version 17
VisualStudioVersion = 17.3.32901.215
MinimumVisualStudioVersion = 10.0.40219.1
Project("{9A19103F-16F7-4668-BE54-9A1E7A4F7556}") = "ScreenCapturer", "ScreenCapturer\ScreenCapturer.csproj", "{C8BE8DEB-8709-4EF7-BB3D-7FF94BB2CE61}"
EndProject
Global
	GlobalSection(SolutionConfigurationPlatforms) = preSolution
		Debug|Any CPU = Debug|Any CPU
		Release|Any CPU = Release|Any CPU
	EndGlobalSection
	GlobalSection(ProjectConfigurationPlatforms) = postSolution
		{C8BE8DEB-8709-4EF7-BB3D-7FF94BB2CE61}.Debug|Any CPU.ActiveCfg = Debug|Any CPU
		{C8BE8DEB-8709-4EF7-BB3D-7FF94BB2CE61}.Debug|Any CPU.Build.0 = Debug|Any CPU
		{C8BE8DEB-8709-4EF7-BB3D-7FF94BB2CE61}.Release|Any CPU.ActiveCfg = Release|Any CPU
		{C8BE8DEB-8709-4EF7-BB3D-7FF94BB2CE61}.Release|Any CPU.Build.0 = Release|Any CPU
	EndGlobalSection
	GlobalSection(SolutionProperties) = preSolution
		HideSolutionNode = FALSE
	EndGlobalSection
	GlobalSection(ExtensibilityGlobals) = postSolution
		SolutionGuid = {0CDCAD87-8D06-4BC7-8A70-0C7DB8EE7360}
	EndGlobalSection
EndGlobal
